// !$*UTF8*$!
{
	archiveVersion = 1;
	classes = {
	};
	objectVersion = 77;
	objects = {

/* Begin PBXContainerItemProxy section */
		DB1F6ED92CC3BE54002FF15F /* PBXContainerItemProxy */ = {
			isa = PBXContainerItemProxy;
			containerPortal = DB1F6EBA2CC3BE52002FF15F /* Project object */;
			proxyType = 1;
			remoteGlobalIDString = DB1F6EC12CC3BE52002FF15F;
			remoteInfo = LandmarkBookApp;
		};
		DB1F6EE32CC3BE55002FF15F /* PBXContainerItemProxy */ = {
			isa = PBXContainerItemProxy;
			containerPortal = DB1F6EBA2CC3BE52002FF15F /* Project object */;
			proxyType = 1;
			remoteGlobalIDString = DB1F6EC12CC3BE52002FF15F;
			remoteInfo = LandmarkBookApp;
		};
/* End PBXContainerItemProxy section */

/* Begin PBXFileReference section */
		DB1F6EC22CC3BE52002FF15F /* LandmarkBookApp.app */ = {isa = PBXFileReference; explicitFileType = wrapper.application; includeInIndex = 0; path = LandmarkBookApp.app; sourceTree = BUILT_PRODUCTS_DIR; };
		DB1F6ED82CC3BE54002FF15F /* LandmarkBookAppTests.xctest */ = {isa = PBXFileReference; explicitFileType = wrapper.cfbundle; includeInIndex = 0; path = LandmarkBookAppTests.xctest; sourceTree = BUILT_PRODUCTS_DIR; };
		DB1F6EE22CC3BE55002FF15F /* LandmarkBookAppUITests.xctest */ = {isa = PBXFileReference; explicitFileType = wrapper.cfbundle; includeInIndex = 0; path = LandmarkBookAppUITests.xctest; sourceTree = BUILT_PRODUCTS_DIR; };
/* End PBXFileReference section */

/* Begin PBXFileSystemSynchronizedBuildFileExceptionSet section */
		DB1F6EEA2CC3BE55002FF15F /* Exceptions for "LandmarkBookApp" folder in "LandmarkBookApp" target */ = {
			isa = PBXFileSystemSynchronizedBuildFileExceptionSet;
			membershipExceptions = (
				Info.plist,
			);
			target = DB1F6EC12CC3BE52002FF15F /* LandmarkBookApp */;
		};
/* End PBXFileSystemSynchronizedBuildFileExceptionSet section */

/* Begin PBXFileSystemSynchronizedRootGroup section */
		DB1F6EC42CC3BE52002FF15F /* LandmarkBookApp */ = {
			isa = PBXFileSystemSynchronizedRootGroup;
			exceptions = (
				DB1F6EEA2CC3BE55002FF15F /* Exceptions for "LandmarkBookApp" folder in "LandmarkBookApp" target */,
			);
			path = LandmarkBookApp;
			sourceTree = "<group>";
		};
		DB1F6EDB2CC3BE55002FF15F /* LandmarkBookAppTests */ = {
			isa = PBXFileSystemSynchronizedRootGroup;
			path = LandmarkBookAppTests;
			sourceTree = "<group>";
		};
		DB1F6EE52CC3BE55002FF15F /* LandmarkBookAppUITests */ = {
			isa = PBXFileSystemSynchronizedRootGroup;
			path = LandmarkBookAppUITests;
			sourceTree = "<group>";
		};
/* End PBXFileSystemSynchronizedRootGroup section */

/* Begin PBXFrameworksBuildPhase section */
		DB1F6EBF2CC3BE52002FF15F /* Frameworks */ = {
			isa = PBXFrameworksBuildPhase;
			buildActionMask = 2147483647;
			files = (
			);
			runOnlyForDeploymentPostprocessing = 0;
		};
		DB1F6ED52CC3BE54002FF15F /* Frameworks */ = {
			isa = PBXFrameworksBuildPhase;
			buildActionMask = 2147483647;
			files = (
			);
			runOnlyForDeploymentPostprocessing = 0;
		};
		DB1F6EDF2CC3BE55002FF15F /* Frameworks */ = {
			isa = PBXFrameworksBuildPhase;
			buildActionMask = 2147483647;
			files = (
			);
			runOnlyForDeploymentPostprocessing = 0;
		};
/* End PBXFrameworksBuildPhase section */

/* Begin PBXGroup section */
		DB1F6EB92CC3BE52002FF15F = {
			isa = PBXGroup;
			children = (
				DB1F6EC42CC3BE52002FF15F /* LandmarkBookApp */,
				DB1F6EDB2CC3BE55002FF15F /* LandmarkBookAppTests */,
				DB1F6EE52CC3BE55002FF15F /* LandmarkBookAppUITests */,
				DB1F6EC32CC3BE52002FF15F /* Products */,
			);
			sourceTree = "<group>";
		};
		DB1F6EC32CC3BE52002FF15F /* Products */ = {
			isa = PBXGroup;
			children = (
				DB1F6EC22CC3BE52002FF15F /* LandmarkBookApp.app */,
				DB1F6ED82CC3BE54002FF15F /* LandmarkBookAppTests.xctest */,
				DB1F6EE22CC3BE55002FF15F /* LandmarkBookAppUITests.xctest */,
			);
			name = Products;
			sourceTree = "<group>";
		};
/* End PBXGroup section */

/* Begin PBXNativeTarget section */
		DB1F6EC12CC3BE52002FF15F /* LandmarkBookApp */ = {
			isa = PBXNativeTarget;
			buildConfigurationList = DB1F6EEB2CC3BE55002FF15F /* Build configuration list for PBXNativeTarget "LandmarkBookApp" */;
			buildPhases = (
				DB1F6EBE2CC3BE52002FF15F /* Sources */,
				DB1F6EBF2CC3BE52002FF15F /* Frameworks */,
				DB1F6EC02CC3BE52002FF15F /* Resources */,
			);
			buildRules = (
			);
			dependencies = (
			);
			fileSystemSynchronizedGroups = (
				DB1F6EC42CC3BE52002FF15F /* LandmarkBookApp */,
			);
			name = LandmarkBookApp;
			packageProductDependencies = (
			);
			productName = LandmarkBookApp;
			productReference = DB1F6EC22CC3BE52002FF15F /* LandmarkBookApp.app */;
			productType = "com.apple.product-type.application";
		};
		DB1F6ED72CC3BE54002FF15F /* LandmarkBookAppTests */ = {
			isa = PBXNativeTarget;
			buildConfigurationList = DB1F6EF02CC3BE55002FF15F /* Build configuration list for PBXNativeTarget "LandmarkBookAppTests" */;
			buildPhases = (
				DB1F6ED42CC3BE54002FF15F /* Sources */,
				DB1F6ED52CC3BE54002FF15F /* Frameworks */,
				DB1F6ED62CC3BE54002FF15F /* Resources */,
			);
			buildRules = (
			);
			dependencies = (
				DB1F6EDA2CC3BE54002FF15F /* PBXTargetDependency */,
			);
			fileSystemSynchronizedGroups = (
				DB1F6EDB2CC3BE55002FF15F /* LandmarkBookAppTests */,
			);
			name = LandmarkBookAppTests;
			packageProductDependencies = (
			);
			productName = LandmarkBookAppTests;
			productReference = DB1F6ED82CC3BE54002FF15F /* LandmarkBookAppTests.xctest */;
			productType = "com.apple.product-type.bundle.unit-test";
		};
		DB1F6EE12CC3BE55002FF15F /* LandmarkBookAppUITests */ = {
			isa = PBXNativeTarget;
			buildConfigurationList = DB1F6EF32CC3BE55002FF15F /* Build configuration list for PBXNativeTarget "LandmarkBookAppUITests" */;
			buildPhases = (
				DB1F6EDE2CC3BE55002FF15F /* Sources */,
				DB1F6EDF2CC3BE55002FF15F /* Frameworks */,
				DB1F6EE02CC3BE55002FF15F /* Resources */,
			);
			buildRules = (
			);
			dependencies = (
				DB1F6EE42CC3BE55002FF15F /* PBXTargetDependency */,
			);
			fileSystemSynchronizedGroups = (
				DB1F6EE52CC3BE55002FF15F /* LandmarkBookAppUITests */,
			);
			name = LandmarkBookAppUITests;
			packageProductDependencies = (
			);
			productName = LandmarkBookAppUITests;
			productReference = DB1F6EE22CC3BE55002FF15F /* LandmarkBookAppUITests.xctest */;
			productType = "com.apple.product-type.bundle.ui-testing";
		};
/* End PBXNativeTarget section */

/* Begin PBXProject section */
		DB1F6EBA2CC3BE52002FF15F /* Project object */ = {
			isa = PBXProject;
			attributes = {
				BuildIndependentTargetsInParallel = 1;
				LastSwiftUpdateCheck = 1600;
				LastUpgradeCheck = 1600;
				TargetAttributes = {
					DB1F6EC12CC3BE52002FF15F = {
						CreatedOnToolsVersion = 16.0;
					};
					DB1F6ED72CC3BE54002FF15F = {
						CreatedOnToolsVersion = 16.0;
						TestTargetID = DB1F6EC12CC3BE52002FF15F;
					};
					DB1F6EE12CC3BE55002FF15F = {
						CreatedOnToolsVersion = 16.0;
						TestTargetID = DB1F6EC12CC3BE52002FF15F;
					};
				};
			};
			buildConfigurationList = DB1F6EBD2CC3BE52002FF15F /* Build configuration list for PBXProject "LandmarkBookApp" */;
			developmentRegion = en;
			hasScannedForEncodings = 0;
			knownRegions = (
				en,
				Base,
			);
			mainGroup = DB1F6EB92CC3BE52002FF15F;
			minimizedProjectReferenceProxies = 1;
			preferredProjectObjectVersion = 77;
			productRefGroup = DB1F6EC32CC3BE52002FF15F /* Products */;
			projectDirPath = "";
			projectRoot = "";
			targets = (
				DB1F6EC12CC3BE52002FF15F /* LandmarkBookApp */,
				DB1F6ED72CC3BE54002FF15F /* LandmarkBookAppTests */,
				DB1F6EE12CC3BE55002FF15F /* LandmarkBookAppUITests */,
			);
		};
/* End PBXProject section */

/* Begin PBXResourcesBuildPhase section */
		DB1F6EC02CC3BE52002FF15F /* Resources */ = {
			isa = PBXResourcesBuildPhase;
			buildActionMask = 2147483647;
			files = (
			);
			runOnlyForDeploymentPostprocessing = 0;
		};
		DB1F6ED62CC3BE54002FF15F /* Resources */ = {
			isa = PBXResourcesBuildPhase;
			buildActionMask = 2147483647;
			files = (
			);
			runOnlyForDeploymentPostprocessing = 0;
		};
		DB1F6EE02CC3BE55002FF15F /* Resources */ = {
			isa = PBXResourcesBuildPhase;
			buildActionMask = 2147483647;
			files = (
			);
			runOnlyForDeploymentPostprocessing = 0;
		};
/* End PBXResourcesBuildPhase section */

/* Begin PBXSourcesBuildPhase section */
		DB1F6EBE2CC3BE52002FF15F /* Sources */ = {
			isa = PBXSourcesBuildPhase;
			buildActionMask = 2147483647;
			files = (
			);
			runOnlyForDeploymentPostprocessing = 0;
		};
		DB1F6ED42CC3BE54002FF15F /* Sources */ = {
			isa = PBXSourcesBuildPhase;
			buildActionMask = 2147483647;
			files = (
			);
			runOnlyForDeploymentPostprocessing = 0;
		};
		DB1F6EDE2CC3BE55002FF15F /* Sources */ = {
			isa = PBXSourcesBuildPhase;
			buildActionMask = 2147483647;
			files = (
			);
			runOnlyForDeploymentPostprocessing = 0;
		};
/* End PBXSourcesBuildPhase section */

/* Begin PBXTargetDependency section */
		DB1F6EDA2CC3BE54002FF15F /* PBXTargetDependency */ = {
			isa = PBXTargetDependency;
			target = DB1F6EC12CC3BE52002FF15F /* LandmarkBookApp */;
			targetProxy = DB1F6ED92CC3BE54002FF15F /* PBXContainerItemProxy */;
		};
		DB1F6EE42CC3BE55002FF15F /* PBXTargetDependency */ = {
			isa = PBXTargetDependency;
			target = DB1F6EC12CC3BE52002FF15F /* LandmarkBookApp */;
			targetProxy = DB1F6EE32CC3BE55002FF15F /* PBXContainerItemProxy */;
		};
/* End PBXTargetDependency section */

/* Begin XCBuildConfiguration section */
		DB1F6EEC2CC3BE55002FF15F /* Debug */ = {
			isa = XCBuildConfiguration;
			buildSettings = {
				ASSETCATALOG_COMPILER_APPICON_NAME = AppIcon;
				ASSETCATALOG_COMPILER_GLOBAL_ACCENT_COLOR_NAME = AccentColor;
				CODE_SIGN_STYLE = Automatic;
				CURRENT_PROJECT_VERSION = 1;
				GENERATE_INFOPLIST_FILE = YES;
				INFOPLIST_FILE = LandmarkBookApp/Info.plist;
				INFOPLIST_KEY_UIApplicationSupportsIndirectInputEvents = YES;
				INFOPLIST_KEY_UILaunchStoryboardName = LaunchScreen;
				INFOPLIST_KEY_UIMainStoryboardFile = Main;
				INFOPLIST_KEY_UISupportedInterfaceOrientations_iPad = "UIInterfaceOrientationPortrait UIInterfaceOrientationPortraitUpsideDown UIInterfaceOrientationLandscapeLeft UIInterfaceOrientationLandscapeRight";
				INFOPLIST_KEY_UISupportedInterfaceOrientations_iPhone = "UIInterfaceOrientationPortrait UIInterfaceOrientationLandscapeLeft UIInterfaceOrientationLandscapeRight";
				LD_RUNPATH_SEARCH_PATHS = (
					"$(inherited)",
					"@executable_path/Frameworks",
				);
				MARKETING_VERSION = 1.0;
				PRODUCT_BUNDLE_IDENTIFIER = com.hilalavcu.LandmarkBookApp;
				PRODUCT_NAME = "$(TARGET_NAME)";
				SWIFT_EMIT_LOC_STRINGS = YES;
				SWIFT_VERSION = 5.0;
				TARGETED_DEVICE_FAMILY = "1,2";
			};
			name = Debug;
		};
		DB1F6EED2CC3BE55002FF15F /* Release */ = {
			isa = XCBuildConfiguration;
			buildSettings = {
				ASSETCATALOG_COMPILER_APPICON_NAME = AppIcon;
				ASSETCATALOG_COMPILER_GLOBAL_ACCENT_COLOR_NAME = AccentColor;
				CODE_SIGN_STYLE = Automatic;
				CURRENT_PROJECT_VERSION = 1;
				GENERATE_INFOPLIST_FILE = YES;
				INFOPLIST_FILE = LandmarkBookApp/Info.plist;
				INFOPLIST_KEY_UIApplicationSupportsIndirectInputEvents = YES;
				INFOPLIST_KEY_UILaunchStoryboardName = LaunchScreen;
				INFOPLIST_KEY_UIMainStoryboardFile = Main;
				INFOPLIST_KEY_UISupportedInterfaceOrientations_iPad = "UIInterfaceOrientationPortrait UIInterfaceOrientationPortraitUpsideDown UIInterfaceOrientationLandscapeLeft UIInterfaceOrientationLandscapeRight";
				INFOPLIST_KEY_UISupportedInterfaceOrientations_iPhone = "UIInterfaceOrientationPortrait UIInterfaceOrientationLandscapeLeft UIInterfaceOrientationLandscapeRight";
				LD_RUNPATH_SEARCH_PATHS = (
					"$(inherited)",
					"@executable_path/Frameworks",
				);
				MARKETING_VERSION = 1.0;
				PRODUCT_BUNDLE_IDENTIFIER = com.hilalavcu.LandmarkBookApp;
				PRODUCT_NAME = "$(TARGET_NAME)";
				SWIFT_EMIT_LOC_STRINGS = YES;
				SWIFT_VERSION = 5.0;
				TARGETED_DEVICE_FAMILY = "1,2";
			};
			name = Release;
		};
		DB1F6EEE2CC3BE55002FF15F /* Debug */ = {
			isa = XCBuildConfiguration;
			buildSettings = {
				ALWAYS_SEARCH_USER_PATHS = NO;
				ASSETCATALOG_COMPILER_GENERATE_SWIFT_ASSET_SYMBOL_EXTENSIONS = YES;
				CLANG_ANALYZER_NONNULL = YES;
				CLANG_ANALYZER_NUMBER_OBJECT_CONVERSION = YES_AGGRESSIVE;
				CLANG_CXX_LANGUAGE_STANDARD = "gnu++20";
				CLANG_ENABLE_MODULES = YES;
				CLANG_ENABLE_OBJC_ARC = YES;
				CLANG_ENABLE_OBJC_WEAK = YES;
				CLANG_WARN_BLOCK_CAPTURE_AUTORELEASING = YES;
				CLANG_WARN_BOOL_CONVERSION = YES;
				CLANG_WARN_COMMA = YES;
				CLANG_WARN_CONSTANT_CONVERSION = YES;
				CLANG_WARN_DEPRECATED_OBJC_IMPLEMENTATIONS = YES;
				CLANG_WARN_DIRECT_OBJC_ISA_USAGE = YES_ERROR;
				CLANG_WARN_DOCUMENTATION_COMMENTS = YES;
				CLANG_WARN_EMPTY_BODY = YES;
				CLANG_WARN_ENUM_CONVERSION = YES;
				CLANG_WARN_INFINITE_RECURSION = YES;
				CLANG_WARN_INT_CONVERSION = YES;
				CLANG_WARN_NON_LITERAL_NULL_CONVERSION = YES;
				CLANG_WARN_OBJC_IMPLICIT_RETAIN_SELF = YES;
				CLANG_WARN_OBJC_LITERAL_CONVERSION = YES;
				CLANG_WARN_OBJC_ROOT_CLASS = YES_ERROR;
				CLANG_WARN_QUOTED_INCLUDE_IN_FRAMEWORK_HEADER = YES;
				CLANG_WARN_RANGE_LOOP_ANALYSIS = YES;
				CLANG_WARN_STRICT_PROTOTYPES = YES;
				CLANG_WARN_SUSPICIOUS_MOVE = YES;
				CLANG_WARN_UNGUARDED_AVAILABILITY = YES_AGGRESSIVE;
				CLANG_WARN_UNREACHABLE_CODE = YES;
				CLANG_WARN__DUPLICATE_METHOD_MATCH = YES;
				COPY_PHASE_STRIP = NO;
				DEBUG_INFORMATION_FORMAT = dwarf;
				ENABLE_STRICT_OBJC_MSGSEND = YES;
				ENABLE_TESTABILITY = YES;
				ENABLE_USER_SCRIPT_SANDBOXING = YES;
				GCC_C_LANGUAGE_STANDARD = gnu17;
				GCC_DYNAMIC_NO_PIC = NO;
				GCC_NO_COMMON_BLOCKS = YES;
				GCC_OPTIMIZATION_LEVEL = 0;
				GCC_PREPROCESSOR_DEFINITIONS = (
					"DEBUG=1",
					"$(inherited)",
				);
				GCC_WARN_64_TO_32_BIT_CONVERSION = YES;
				GCC_WARN_ABOUT_RETURN_TYPE = YES_ERROR;
				GCC_WARN_UNDECLARED_SELECTOR = YES;
				GCC_WARN_UNINITIALIZED_AUTOS = YES_AGGRESSIVE;
				GCC_WARN_UNUSED_FUNCTION = YES;
				GCC_WARN_UNUSED_VARIABLE = YES;
				IPHONEOS_DEPLOYMENT_TARGET = 18.0;
				LOCALIZATION_PREFERS_STRING_CATALOGS = YES;
				MTL_ENABLE_DEBUG_INFO = INCLUDE_SOURCE;
				MTL_FAST_MATH = YES;
				ONLY_ACTIVE_ARCH = YES;
				SDKROOT = iphoneos;
				SWIFT_ACTIVE_COMPILATION_CONDITIONS = "DEBUG $(inherited)";
				SWIFT_OPTIMIZATION_LEVEL = "-Onone";
			};
			name = Debug;
		};
		DB1F6EEF2CC3BE55002FF15F /* Release */ = {
			isa = XCBuildConfiguration;
			buildSettings = {
				ALWAYS_SEARCH_USER_PATHS = NO;
				ASSETCATALOG_COMPILER_GENERATE_SWIFT_ASSET_SYMBOL_EXTENSIONS = YES;
				CLANG_ANALYZER_NONNULL = YES;
				CLANG_ANALYZER_NUMBER_OBJECT_CONVERSION = YES_AGGRESSIVE;
				CLANG_CXX_LANGUAGE_STANDARD = "gnu++20";
				CLANG_ENABLE_MODULES = YES;
				CLANG_ENABLE_OBJC_ARC = YES;
				CLANG_ENABLE_OBJC_WEAK = YES;
				CLANG_WARN_BLOCK_CAPTURE_AUTORELEASING = YES;
				CLANG_WARN_BOOL_CONVERSION = YES;
				CLANG_WARN_COMMA = YES;
				CLANG_WARN_CONSTANT_CONVERSION = YES;
				CLANG_WARN_DEPRECATED_OBJC_IMPLEMENTATIONS = YES;
				CLANG_WARN_DIRECT_OBJC_ISA_USAGE = YES_ERROR;
				CLANG_WARN_DOCUMENTATION_COMMENTS = YES;
				CLANG_WARN_EMPTY_BODY = YES;
				CLANG_WARN_ENUM_CONVERSION = YES;
				CLANG_WARN_INFINITE_RECURSION = YES;
				CLANG_WARN_INT_CONVERSION = YES;
				CLANG_WARN_NON_LITERAL_NULL_CONVERSION = YES;
				CLANG_WARN_OBJC_IMPLICIT_RETAIN_SELF = YES;
				CLANG_WARN_OBJC_LITERAL_CONVERSION = YES;
				CLANG_WARN_OBJC_ROOT_CLASS = YES_ERROR;
				CLANG_WARN_QUOTED_INCLUDE_IN_FRAMEWORK_HEADER = YES;
				CLANG_WARN_RANGE_LOOP_ANALYSIS = YES;
				CLANG_WARN_STRICT_PROTOTYPES = YES;
				CLANG_WARN_SUSPICIOUS_MOVE = YES;
				CLANG_WARN_UNGUARDED_AVAILABILITY = YES_AGGRESSIVE;
				CLANG_WARN_UNREACHABLE_CODE = YES;
				CLANG_WARN__DUPLICATE_METHOD_MATCH = YES;
				COPY_PHASE_STRIP = NO;
				DEBUG_INFORMATION_FORMAT = "dwarf-with-dsym";
				ENABLE_NS_ASSERTIONS = NO;
				ENABLE_STRICT_OBJC_MSGSEND = YES;
				ENABLE_USER_SCRIPT_SANDBOXING = YES;
				GCC_C_LANGUAGE_STANDARD = gnu17;
				GCC_NO_COMMON_BLOCKS = YES;
				GCC_WARN_64_TO_32_BIT_CONVERSION = YES;
				GCC_WARN_ABOUT_RETURN_TYPE = YES_ERROR;
				GCC_WARN_UNDECLARED_SELECTOR = YES;
				GCC_WARN_UNINITIALIZED_AUTOS = YES_AGGRESSIVE;
				GCC_WARN_UNUSED_FUNCTION = YES;
				GCC_WARN_UNUSED_VARIABLE = YES;
				IPHONEOS_DEPLOYMENT_TARGET = 18.0;
				LOCALIZATION_PREFERS_STRING_CATALOGS = YES;
				MTL_ENABLE_DEBUG_INFO = NO;
				MTL_FAST_MATH = YES;
				SDKROOT = iphoneos;
				SWIFT_COMPILATION_MODE = wholemodule;
				VALIDATE_PRODUCT = YES;
			};
			name = Release;
		};
		DB1F6EF12CC3BE55002FF15F /* Debug */ = {
			isa = XCBuildConfiguration;
			buildSettings = {
				BUNDLE_LOADER = "$(TEST_HOST)";
				CODE_SIGN_STYLE = Automatic;
				CURRENT_PROJECT_VERSION = 1;
				GENERATE_INFOPLIST_FILE = YES;
				IPHONEOS_DEPLOYMENT_TARGET = 18.0;
				MARKETING_VERSION = 1.0;
				PRODUCT_BUNDLE_IDENTIFIER = com.hilalavcu.LandmarkBookAppTests;
				PRODUCT_NAME = "$(TARGET_NAME)";
				SWIFT_EMIT_LOC_STRINGS = NO;
				SWIFT_VERSION = 5.0;
				TARGETED_DEVICE_FAMILY = "1,2";
				TEST_HOST = "$(BUILT_PRODUCTS_DIR)/LandmarkBookApp.app/$(BUNDLE_EXECUTABLE_FOLDER_PATH)/LandmarkBookApp";
			};
			name = Debug;
		};
		DB1F6EF22CC3BE55002FF15F /* Release */ = {
			isa = XCBuildConfiguration;
			buildSettings = {
				BUNDLE_LOADER = "$(TEST_HOST)";
				CODE_SIGN_STYLE = Automatic;
				CURRENT_PROJECT_VERSION = 1;
				GENERATE_INFOPLIST_FILE = YES;
				IPHONEOS_DEPLOYMENT_TARGET = 18.0;
				MARKETING_VERSION = 1.0;
				PRODUCT_BUNDLE_IDENTIFIER = com.hilalavcu.LandmarkBookAppTests;
				PRODUCT_NAME = "$(TARGET_NAME)";
				SWIFT_EMIT_LOC_STRINGS = NO;
				SWIFT_VERSION = 5.0;
				TARGETED_DEVICE_FAMILY = "1,2";
				TEST_HOST = "$(BUILT_PRODUCTS_DIR)/LandmarkBookApp.app/$(BUNDLE_EXECUTABLE_FOLDER_PATH)/LandmarkBookApp";
			};
			name = Release;
		};
		DB1F6EF42CC3BE55002FF15F /* Debug */ = {
			isa = XCBuildConfiguration;
			buildSettings = {
				CODE_SIGN_STYLE = Automatic;
				CURRENT_PROJECT_VERSION = 1;
				GENERATE_INFOPLIST_FILE = YES;
				MARKETING_VERSION = 1.0;
				PRODUCT_BUNDLE_IDENTIFIER = com.hilalavcu.LandmarkBookAppUITests;
				PRODUCT_NAME = "$(TARGET_NAME)";
				SWIFT_EMIT_LOC_STRINGS = NO;
				SWIFT_VERSION = 5.0;
				TARGETED_DEVICE_FAMILY = "1,2";
				TEST_TARGET_NAME = LandmarkBookApp;
			};
			name = Debug;
		};
		DB1F6EF52CC3BE55002FF15F /* Release */ = {
			isa = XCBuildConfiguration;
			buildSettings = {
				CODE_SIGN_STYLE = Automatic;
				CURRENT_PROJECT_VERSION = 1;
				GENERATE_INFOPLIST_FILE = YES;
				MARKETING_VERSION = 1.0;
				PRODUCT_BUNDLE_IDENTIFIER = com.hilalavcu.LandmarkBookAppUITests;
				PRODUCT_NAME = "$(TARGET_NAME)";
				SWIFT_EMIT_LOC_STRINGS = NO;
				SWIFT_VERSION = 5.0;
				TARGETED_DEVICE_FAMILY = "1,2";
				TEST_TARGET_NAME = LandmarkBookApp;
			};
			name = Release;
		};
/* End XCBuildConfiguration section */

/* Begin XCConfigurationList section */
		DB1F6EBD2CC3BE52002FF15F /* Build configuration list for PBXProject "LandmarkBookApp" */ = {
			isa = XCConfigurationList;
			buildConfigurations = (
				DB1F6EEE2CC3BE55002FF15F /* Debug */,
				DB1F6EEF2CC3BE55002FF15F /* Release */,
			);
			defaultConfigurationIsVisible = 0;
			defaultConfigurationName = Release;
		};
		DB1F6EEB2CC3BE55002FF15F /* Build configuration list for PBXNativeTarget "LandmarkBookApp" */ = {
			isa = XCConfigurationList;
			buildConfigurations = (
				DB1F6EEC2CC3BE55002FF15F /* Debug */,
				DB1F6EED2CC3BE55002FF15F /* Release */,
			);
			defaultConfigurationIsVisible = 0;
			defaultConfigurationName = Release;
		};
		DB1F6EF02CC3BE55002FF15F /* Build configuration list for PBXNativeTarget "LandmarkBookAppTests" */ = {
			isa = XCConfigurationList;
			buildConfigurations = (
				DB1F6EF12CC3BE55002FF15F /* Debug */,
				DB1F6EF22CC3BE55002FF15F /* Release */,
			);
			defaultConfigurationIsVisible = 0;
			defaultConfigurationName = Release;
		};
		DB1F6EF32CC3BE55002FF15F /* Build configuration list for PBXNativeTarget "LandmarkBookAppUITests" */ = {
			isa = XCConfigurationList;
			buildConfigurations = (
				DB1F6EF42CC3BE55002FF15F /* Debug */,
				DB1F6EF52CC3BE55002FF15F /* Release */,
			);
			defaultConfigurationIsVisible = 0;
			defaultConfigurationName = Release;
		};
/* End XCConfigurationList section */
	};
	rootObject = DB1F6EBA2CC3BE52002FF15F /* Project object */;
}
